// !$*UTF8*$!
{
	archiveVersion = 1;
	classes = {
	};
	objectVersion = 52;
	objects = {

/* Begin PBXBuildFile section */
		1257BA38275277AF00F178CB /* AppDelegate.swift in Sources */ = {isa = PBXBuildFile; fileRef = 1257BA37275277AF00F178CB /* AppDelegate.swift */; };
		1257BA3A275277AF00F178CB /* SceneDelegate.swift in Sources */ = {isa = PBXBuildFile; fileRef = 1257BA39275277AF00F178CB /* SceneDelegate.swift */; };
		1257BA3F275277AF00F178CB /* Main.storyboard in Resources */ = {isa = PBXBuildFile; fileRef = 1257BA3D275277AF00F178CB /* Main.storyboard */; };
		1257BA41275277B100F178CB /* Assets.xcassets in Resources */ = {isa = PBXBuildFile; fileRef = 1257BA40275277B100F178CB /* Assets.xcassets */; };
		1257BA44275277B100F178CB /* LaunchScreen.storyboard in Resources */ = {isa = PBXBuildFile; fileRef = 1257BA42275277B100F178CB /* LaunchScreen.storyboard */; };
		1257BA53275279E700F178CB /* FriendsViewController.swift in Sources */ = {isa = PBXBuildFile; fileRef = 1257BA52275279E700F178CB /* FriendsViewController.swift */; };
		1257BA562752811D00F178CB /* Alamofire in Frameworks */ = {isa = PBXBuildFile; productRef = 1257BA552752811D00F178CB /* Alamofire */; };
		1257BA612757EC3000F178CB /* FriendsAPI.swift in Sources */ = {isa = PBXBuildFile; fileRef = 1257BA602757EC3000F178CB /* FriendsAPI.swift */; };
		1257BA642757F12F00F178CB /* Data+PrettyJSON.swift in Sources */ = {isa = PBXBuildFile; fileRef = 1257BA632757F12F00F178CB /* Data+PrettyJSON.swift */; };
		1257BA672757F3A400F178CB /* AuthViewController.swift in Sources */ = {isa = PBXBuildFile; fileRef = 1257BA662757F3A300F178CB /* AuthViewController.swift */; };
/* End PBXBuildFile section */

/* Begin PBXFileReference section */
		1257BA34275277AF00F178CB /* vk-course.app */ = {isa = PBXFileReference; explicitFileType = wrapper.application; includeInIndex = 0; path = "vk-course.app"; sourceTree = BUILT_PRODUCTS_DIR; };
		1257BA37275277AF00F178CB /* AppDelegate.swift */ = {isa = PBXFileReference; lastKnownFileType = sourcecode.swift; path = AppDelegate.swift; sourceTree = "<group>"; };
		1257BA39275277AF00F178CB /* SceneDelegate.swift */ = {isa = PBXFileReference; lastKnownFileType = sourcecode.swift; path = SceneDelegate.swift; sourceTree = "<group>"; };
		1257BA3E275277AF00F178CB /* Base */ = {isa = PBXFileReference; lastKnownFileType = file.storyboard; name = Base; path = Base.lproj/Main.storyboard; sourceTree = "<group>"; };
		1257BA40275277B100F178CB /* Assets.xcassets */ = {isa = PBXFileReference; lastKnownFileType = folder.assetcatalog; path = Assets.xcassets; sourceTree = "<group>"; };
		1257BA43275277B100F178CB /* Base */ = {isa = PBXFileReference; lastKnownFileType = file.storyboard; name = Base; path = Base.lproj/LaunchScreen.storyboard; sourceTree = "<group>"; };
		1257BA45275277B100F178CB /* Info.plist */ = {isa = PBXFileReference; lastKnownFileType = text.plist.xml; path = Info.plist; sourceTree = "<group>"; };
		1257BA52275279E700F178CB /* FriendsViewController.swift */ = {isa = PBXFileReference; lastKnownFileType = sourcecode.swift; path = FriendsViewController.swift; sourceTree = "<group>"; };
		1257BA602757EC3000F178CB /* FriendsAPI.swift */ = {isa = PBXFileReference; lastKnownFileType = sourcecode.swift; path = FriendsAPI.swift; sourceTree = "<group>"; };
		1257BA632757F12F00F178CB /* Data+PrettyJSON.swift */ = {isa = PBXFileReference; lastKnownFileType = sourcecode.swift; path = "Data+PrettyJSON.swift"; sourceTree = "<group>"; };
		1257BA662757F3A300F178CB /* AuthViewController.swift */ = {isa = PBXFileReference; lastKnownFileType = sourcecode.swift; path = AuthViewController.swift; sourceTree = "<group>"; };
/* End PBXFileReference section */

/* Begin PBXFrameworksBuildPhase section */
		1257BA31275277AF00F178CB /* Frameworks */ = {
			isa = PBXFrameworksBuildPhase;
			buildActionMask = 2147483647;
			files = (
				1257BA562752811D00F178CB /* Alamofire in Frameworks */,
			);
			runOnlyForDeploymentPostprocessing = 0;
		};
/* End PBXFrameworksBuildPhase section */

/* Begin PBXGroup section */
		1257BA2B275277AF00F178CB = {
			isa = PBXGroup;
			children = (
				1257BA36275277AF00F178CB /* vk-course */,
				1257BA35275277AF00F178CB /* Products */,
			);
			sourceTree = "<group>";
		};
		1257BA35275277AF00F178CB /* Products */ = {
			isa = PBXGroup;
			children = (
				1257BA34275277AF00F178CB /* vk-course.app */,
			);
			name = Products;
			sourceTree = "<group>";
		};
		1257BA36275277AF00F178CB /* vk-course */ = {
			isa = PBXGroup;
			children = (
				1257BA4C275277D300F178CB /* App */,
				1257BA4D275278A900F178CB /* Modules */,
				1257BA502752791A00F178CB /* Services */,
				1257BA622757F10000F178CB /* Extensions */,
				1257BA4B275277BF00F178CB /* Resources */,
			);
			path = "vk-course";
			sourceTree = "<group>";
		};
		1257BA4B275277BF00F178CB /* Resources */ = {
			isa = PBXGroup;
			children = (
				1257BA3D275277AF00F178CB /* Main.storyboard */,
				1257BA40275277B100F178CB /* Assets.xcassets */,
				1257BA42275277B100F178CB /* LaunchScreen.storyboard */,
				1257BA45275277B100F178CB /* Info.plist */,
			);
			path = Resources;
			sourceTree = "<group>";
		};
		1257BA4C275277D300F178CB /* App */ = {
			isa = PBXGroup;
			children = (
				1257BA37275277AF00F178CB /* AppDelegate.swift */,
				1257BA39275277AF00F178CB /* SceneDelegate.swift */,
			);
			path = App;
			sourceTree = "<group>";
		};
		1257BA4D275278A900F178CB /* Modules */ = {
			isa = PBXGroup;
			children = (
				1257BA652757F39100F178CB /* Auth */,
				1257BA4E275278C400F178CB /* Friends */,
			);
			path = Modules;
			sourceTree = "<group>";
		};
		1257BA4E275278C400F178CB /* Friends */ = {
			isa = PBXGroup;
			children = (
				1257BA52275279E700F178CB /* FriendsViewController.swift */,
				1257BA512752792F00F178CB /* Models */,
				1257BA4F2752790F00F178CB /* Views */,
			);
			path = Friends;
			sourceTree = "<group>";
		};
		1257BA4F2752790F00F178CB /* Views */ = {
			isa = PBXGroup;
			children = (
			);
			path = Views;
			sourceTree = "<group>";
		};
		1257BA502752791A00F178CB /* Services */ = {
			isa = PBXGroup;
			children = (
				1257BA602757EC3000F178CB /* FriendsAPI.swift */,
			);
			path = Services;
			sourceTree = "<group>";
		};
		1257BA512752792F00F178CB /* Models */ = {
			isa = PBXGroup;
			children = (
			);
			path = Models;
			sourceTree = "<group>";
		};
		1257BA622757F10000F178CB /* Extensions */ = {
			isa = PBXGroup;
			children = (
				1257BA632757F12F00F178CB /* Data+PrettyJSON.swift */,
			);
			path = Extensions;
			sourceTree = "<group>";
		};
		1257BA652757F39100F178CB /* Auth */ = {
			isa = PBXGroup;
			children = (
				1257BA662757F3A300F178CB /* AuthViewController.swift */,
			);
			path = Auth;
			sourceTree = "<group>";
		};
/* End PBXGroup section */

/* Begin PBXNativeTarget section */
		1257BA33275277AF00F178CB /* vk-course */ = {
			isa = PBXNativeTarget;
			buildConfigurationList = 1257BA48275277B100F178CB /* Build configuration list for PBXNativeTarget "vk-course" */;
			buildPhases = (
				1257BA30275277AF00F178CB /* Sources */,
				1257BA31275277AF00F178CB /* Frameworks */,
				1257BA32275277AF00F178CB /* Resources */,
			);
			buildRules = (
			);
			dependencies = (
			);
			name = "vk-course";
			packageProductDependencies = (
				1257BA552752811D00F178CB /* Alamofire */,
			);
			productName = "vk-course";
			productReference = 1257BA34275277AF00F178CB /* vk-course.app */;
			productType = "com.apple.product-type.application";
		};
/* End PBXNativeTarget section */

/* Begin PBXProject section */
		1257BA2C275277AF00F178CB /* Project object */ = {
			isa = PBXProject;
			attributes = {
				LastSwiftUpdateCheck = 1250;
				LastUpgradeCheck = 1250;
				TargetAttributes = {
					1257BA33275277AF00F178CB = {
						CreatedOnToolsVersion = 12.5;
					};
				};
			};
			buildConfigurationList = 1257BA2F275277AF00F178CB /* Build configuration list for PBXProject "vk-course" */;
			compatibilityVersion = "Xcode 9.3";
			developmentRegion = en;
			hasScannedForEncodings = 0;
			knownRegions = (
				en,
				Base,
			);
			mainGroup = 1257BA2B275277AF00F178CB;
			packageReferences = (
				1257BA542752811D00F178CB /* XCRemoteSwiftPackageReference "Alamofire" */,
			);
			productRefGroup = 1257BA35275277AF00F178CB /* Products */;
			projectDirPath = "";
			projectRoot = "";
			targets = (
				1257BA33275277AF00F178CB /* vk-course */,
			);
		};
/* End PBXProject section */

/* Begin PBXResourcesBuildPhase section */
		1257BA32275277AF00F178CB /* Resources */ = {
			isa = PBXResourcesBuildPhase;
			buildActionMask = 2147483647;
			files = (
				1257BA44275277B100F178CB /* LaunchScreen.storyboard in Resources */,
				1257BA41275277B100F178CB /* Assets.xcassets in Resources */,
				1257BA3F275277AF00F178CB /* Main.storyboard in Resources */,
			);
			runOnlyForDeploymentPostprocessing = 0;
		};
/* End PBXResourcesBuildPhase section */

/* Begin PBXSourcesBuildPhase section */
		1257BA30275277AF00F178CB /* Sources */ = {
			isa = PBXSourcesBuildPhase;
			buildActionMask = 2147483647;
			files = (
				1257BA642757F12F00F178CB /* Data+PrettyJSON.swift in Sources */,
				1257BA612757EC3000F178CB /* FriendsAPI.swift in Sources */,
				1257BA38275277AF00F178CB /* AppDelegate.swift in Sources */,
				1257BA53275279E700F178CB /* FriendsViewController.swift in Sources */,
				1257BA672757F3A400F178CB /* AuthViewController.swift in Sources */,
				1257BA3A275277AF00F178CB /* SceneDelegate.swift in Sources */,
			);
			runOnlyForDeploymentPostprocessing = 0;
		};
/* End PBXSourcesBuildPhase section */

/* Begin PBXVariantGroup section */
		1257BA3D275277AF00F178CB /* Main.storyboard */ = {
			isa = PBXVariantGroup;
			children = (
				1257BA3E275277AF00F178CB /* Base */,
			);
			name = Main.storyboard;
			sourceTree = "<group>";
		};
		1257BA42275277B100F178CB /* LaunchScreen.storyboard */ = {
			isa = PBXVariantGroup;
			children = (
				1257BA43275277B100F178CB /* Base */,
			);
			name = LaunchScreen.storyboard;
			sourceTree = "<group>";
		};
/* End PBXVariantGroup section */

/* Begin XCBuildConfiguration section */
		1257BA46275277B100F178CB /* Debug */ = {
			isa = XCBuildConfiguration;
			buildSettings = {
				ALWAYS_SEARCH_USER_PATHS = NO;
				CLANG_ANALYZER_NONNULL = YES;
				CLANG_ANALYZER_NUMBER_OBJECT_CONVERSION = YES_AGGRESSIVE;
				CLANG_CXX_LANGUAGE_STANDARD = "gnu++14";
				CLANG_CXX_LIBRARY = "libc++";
				CLANG_ENABLE_MODULES = YES;
				CLANG_ENABLE_OBJC_ARC = YES;
				CLANG_ENABLE_OBJC_WEAK = YES;
				CLANG_WARN_BLOCK_CAPTURE_AUTORELEASING = YES;
				CLANG_WARN_BOOL_CONVERSION = YES;
				CLANG_WARN_COMMA = YES;
				CLANG_WARN_CONSTANT_CONVERSION = YES;
				CLANG_WARN_DEPRECATED_OBJC_IMPLEMENTATIONS = YES;
				CLANG_WARN_DIRECT_OBJC_ISA_USAGE = YES_ERROR;
				CLANG_WARN_DOCUMENTATION_COMMENTS = YES;
				CLANG_WARN_EMPTY_BODY = YES;
				CLANG_WARN_ENUM_CONVERSION = YES;
				CLANG_WARN_INFINITE_RECURSION = YES;
				CLANG_WARN_INT_CONVERSION = YES;
				CLANG_WARN_NON_LITERAL_NULL_CONVERSION = YES;
				CLANG_WARN_OBJC_IMPLICIT_RETAIN_SELF = YES;
				CLANG_WARN_OBJC_LITERAL_CONVERSION = YES;
				CLANG_WARN_OBJC_ROOT_CLASS = YES_ERROR;
				CLANG_WARN_QUOTED_INCLUDE_IN_FRAMEWORK_HEADER = YES;
				CLANG_WARN_RANGE_LOOP_ANALYSIS = YES;
				CLANG_WARN_STRICT_PROTOTYPES = YES;
				CLANG_WARN_SUSPICIOUS_MOVE = YES;
				CLANG_WARN_UNGUARDED_AVAILABILITY = YES_AGGRESSIVE;
				CLANG_WARN_UNREACHABLE_CODE = YES;
				CLANG_WARN__DUPLICATE_METHOD_MATCH = YES;
				COPY_PHASE_STRIP = NO;
				DEBUG_INFORMATION_FORMAT = dwarf;
				ENABLE_STRICT_OBJC_MSGSEND = YES;
				ENABLE_TESTABILITY = YES;
				GCC_C_LANGUAGE_STANDARD = gnu11;
				GCC_DYNAMIC_NO_PIC = NO;
				GCC_NO_COMMON_BLOCKS = YES;
				GCC_OPTIMIZATION_LEVEL = 0;
				GCC_PREPROCESSOR_DEFINITIONS = (
					"DEBUG=1",
					"$(inherited)",
				);
				GCC_WARN_64_TO_32_BIT_CONVERSION = YES;
				GCC_WARN_ABOUT_RETURN_TYPE = YES_ERROR;
				GCC_WARN_UNDECLARED_SELECTOR = YES;
				GCC_WARN_UNINITIALIZED_AUTOS = YES_AGGRESSIVE;
				GCC_WARN_UNUSED_FUNCTION = YES;
				GCC_WARN_UNUSED_VARIABLE = YES;
				IPHONEOS_DEPLOYMENT_TARGET = 14.5;
				MTL_ENABLE_DEBUG_INFO = INCLUDE_SOURCE;
				MTL_FAST_MATH = YES;
				ONLY_ACTIVE_ARCH = YES;
				SDKROOT = iphoneos;
				SWIFT_ACTIVE_COMPILATION_CONDITIONS = DEBUG;
				SWIFT_OPTIMIZATION_LEVEL = "-Onone";
			};
			name = Debug;
		};
		1257BA47275277B100F178CB /* Release */ = {
			isa = XCBuildConfiguration;
			buildSettings = {
				ALWAYS_SEARCH_USER_PATHS = NO;
				CLANG_ANALYZER_NONNULL = YES;
				CLANG_ANALYZER_NUMBER_OBJECT_CONVERSION = YES_AGGRESSIVE;
				CLANG_CXX_LANGUAGE_STANDARD = "gnu++14";
				CLANG_CXX_LIBRARY = "libc++";
				CLANG_ENABLE_MODULES = YES;
				CLANG_ENABLE_OBJC_ARC = YES;
				CLANG_ENABLE_OBJC_WEAK = YES;
				CLANG_WARN_BLOCK_CAPTURE_AUTORELEASING = YES;
				CLANG_WARN_BOOL_CONVERSION = YES;
				CLANG_WARN_COMMA = YES;
				CLANG_WARN_CONSTANT_CONVERSION = YES;
				CLANG_WARN_DEPRECATED_OBJC_IMPLEMENTATIONS = YES;
				CLANG_WARN_DIRECT_OBJC_ISA_USAGE = YES_ERROR;
				CLANG_WARN_DOCUMENTATION_COMMENTS = YES;
				CLANG_WARN_EMPTY_BODY = YES;
				CLANG_WARN_ENUM_CONVERSION = YES;
				CLANG_WARN_INFINITE_RECURSION = YES;
				CLANG_WARN_INT_CONVERSION = YES;
				CLANG_WARN_NON_LITERAL_NULL_CONVERSION = YES;
				CLANG_WARN_OBJC_IMPLICIT_RETAIN_SELF = YES;
				CLANG_WARN_OBJC_LITERAL_CONVERSION = YES;
				CLANG_WARN_OBJC_ROOT_CLASS = YES_ERROR;
				CLANG_WARN_QUOTED_INCLUDE_IN_FRAMEWORK_HEADER = YES;
				CLANG_WARN_RANGE_LOOP_ANALYSIS = YES;
				CLANG_WARN_STRICT_PROTOTYPES = YES;
				CLANG_WARN_SUSPICIOUS_MOVE = YES;
				CLANG_WARN_UNGUARDED_AVAILABILITY = YES_AGGRESSIVE;
				CLANG_WARN_UNREACHABLE_CODE = YES;
				CLANG_WARN__DUPLICATE_METHOD_MATCH = YES;
				COPY_PHASE_STRIP = NO;
				DEBUG_INFORMATION_FORMAT = "dwarf-with-dsym";
				ENABLE_NS_ASSERTIONS = NO;
				ENABLE_STRICT_OBJC_MSGSEND = YES;
				GCC_C_LANGUAGE_STANDARD = gnu11;
				GCC_NO_COMMON_BLOCKS = YES;
				GCC_WARN_64_TO_32_BIT_CONVERSION = YES;
				GCC_WARN_ABOUT_RETURN_TYPE = YES_ERROR;
				GCC_WARN_UNDECLARED_SELECTOR = YES;
				GCC_WARN_UNINITIALIZED_AUTOS = YES_AGGRESSIVE;
				GCC_WARN_UNUSED_FUNCTION = YES;
				GCC_WARN_UNUSED_VARIABLE = YES;
				IPHONEOS_DEPLOYMENT_TARGET = 14.5;
				MTL_ENABLE_DEBUG_INFO = NO;
				MTL_FAST_MATH = YES;
				SDKROOT = iphoneos;
				SWIFT_COMPILATION_MODE = wholemodule;
				SWIFT_OPTIMIZATION_LEVEL = "-O";
				VALIDATE_PRODUCT = YES;
			};
			name = Release;
		};
		1257BA49275277B100F178CB /* Debug */ = {
			isa = XCBuildConfiguration;
			buildSettings = {
				ASSETCATALOG_COMPILER_APPICON_NAME = AppIcon;
				ASSETCATALOG_COMPILER_GLOBAL_ACCENT_COLOR_NAME = AccentColor;
				CODE_SIGN_STYLE = Automatic;
				DEVELOPMENT_TEAM = 77XX2PXRV7;
				INFOPLIST_FILE = "vk-course/Resources/Info.plist";
				LD_RUNPATH_SEARCH_PATHS = (
					"$(inherited)",
					"@executable_path/Frameworks",
				);
				PRODUCT_BUNDLE_IDENTIFIER = "com.arturlector.vk-course";
				PRODUCT_NAME = "$(TARGET_NAME)";
				SWIFT_VERSION = 5.0;
				TARGETED_DEVICE_FAMILY = "1,2";
			};
			name = Debug;
		};
		1257BA4A275277B100F178CB /* Release */ = {
			isa = XCBuildConfiguration;
			buildSettings = {
				ASSETCATALOG_COMPILER_APPICON_NAME = AppIcon;
				ASSETCATALOG_COMPILER_GLOBAL_ACCENT_COLOR_NAME = AccentColor;
				CODE_SIGN_STYLE = Automatic;
				DEVELOPMENT_TEAM = 77XX2PXRV7;
				INFOPLIST_FILE = "vk-course/Resources/Info.plist";
				LD_RUNPATH_SEARCH_PATHS = (
					"$(inherited)",
					"@executable_path/Frameworks",
				);
				PRODUCT_BUNDLE_IDENTIFIER = "com.arturlector.vk-course";
				PRODUCT_NAME = "$(TARGET_NAME)";
				SWIFT_VERSION = 5.0;
				TARGETED_DEVICE_FAMILY = "1,2";
			};
			name = Release;
		};
/* End XCBuildConfiguration section */

/* Begin XCConfigurationList section */
		1257BA2F275277AF00F178CB /* Build configuration list for PBXProject "vk-course" */ = {
			isa = XCConfigurationList;
			buildConfigurations = (
				1257BA46275277B100F178CB /* Debug */,
				1257BA47275277B100F178CB /* Release */,
			);
			defaultConfigurationIsVisible = 0;
			defaultConfigurationName = Release;
		};
		1257BA48275277B100F178CB /* Build configuration list for PBXNativeTarget "vk-course" */ = {
			isa = XCConfigurationList;
			buildConfigurations = (
				1257BA49275277B100F178CB /* Debug */,
				1257BA4A275277B100F178CB /* Release */,
			);
			defaultConfigurationIsVisible = 0;
			defaultConfigurationName = Release;
		};
/* End XCConfigurationList section */

/* Begin XCRemoteSwiftPackageReference section */
		1257BA542752811D00F178CB /* XCRemoteSwiftPackageReference "Alamofire" */ = {
			isa = XCRemoteSwiftPackageReference;
			repositoryURL = "https://github.com/Alamofire/Alamofire.git";
			requirement = {
				kind = upToNextMajorVersion;
				minimumVersion = 5.4.4;
			};
		};
/* End XCRemoteSwiftPackageReference section */

/* Begin XCSwiftPackageProductDependency section */
		1257BA552752811D00F178CB /* Alamofire */ = {
			isa = XCSwiftPackageProductDependency;
			package = 1257BA542752811D00F178CB /* XCRemoteSwiftPackageReference "Alamofire" */;
			productName = Alamofire;
		};
/* End XCSwiftPackageProductDependency section */
	};
	rootObject = 1257BA2C275277AF00F178CB /* Project object */;
}
